{
    "_readme": [
        "This file locks the dependencies of your project to a known state",
        "Read more about it at https://getcomposer.org/doc/01-basic-usage.md#installing-dependencies",
        "This file is @generated automatically"
    ],
    "content-hash": "c0b80335570fe88dd5879f272b19a332",
    "packages": [
        {
            "name": "smuuf/php-peg",
            "version": "2.2.2",
            "source": {
                "type": "git",
                "url": "https://github.com/smuuf/php-peg.git",
                "reference": "a54ec295e9a45fb266ec664a216530cd9bc36398"
            },
            "dist": {
                "type": "zip",
                "url": "https://api.github.com/repos/smuuf/php-peg/zipball/a54ec295e9a45fb266ec664a216530cd9bc36398",
                "reference": "a54ec295e9a45fb266ec664a216530cd9bc36398",
                "shasum": ""
            },
            "require": {
                "php": ">=7.0"
            },
            "require-dev": {
                "phpunit/phpunit": "^6.5"
            },
            "bin": [
                "bin/peg"
            ],
            "type": "library",
            "autoload": {
                "psr-0": {
                    "hafriedlander\\Peg": "lib"
                }
            },
            "notification-url": "https://packagist.org/downloads/",
            "license": [
                "MIT"
            ],
            "authors": [
                {
                    "name": "Hamish Friedlander",
                    "email": "hamish@silverstripe.com",
                    "role": "Developer"
                },
                {
                    "name": "Premysl Karbula",
                    "role": "Developer"
                },
                {
                    "name": "Johannes Künsebeck",
                    "email": "kuensebeck@googlemail.com",
                    "role": "Developer"
                },
                {
                    "name": "Dan Phillimore",
                    "email": "dan@ovms.co",
                    "role": "Developer"
                }
            ],
            "description": "PEG parser generator for PHP.",
            "homepage": "https://github.com/smuuf/php-peg",
            "keywords": [
                "DSL",
                "compiler",
                "parser",
                "peg"
            ],
            "support": {
                "source": "https://github.com/smuuf/php-peg/tree/master"
            },
            "time": "2020-08-23T09:41:43+00:00"
        }
    ],
    "packages-dev": [
        {
            "name": "nette/tester",
            "version": "v2.3.4",
            "source": {
                "type": "git",
                "url": "https://github.com/nette/tester.git",
                "reference": "81b37035240d5c41b71ff4016ad9f8d532fb54be"
            },
            "dist": {
                "type": "zip",
                "url": "https://api.github.com/repos/nette/tester/zipball/81b37035240d5c41b71ff4016ad9f8d532fb54be",
                "reference": "81b37035240d5c41b71ff4016ad9f8d532fb54be",
                "shasum": ""
            },
            "require": {
                "php": ">=7.1"
            },
            "require-dev": {
                "ext-simplexml": "*",
                "phpstan/phpstan": "^0.12"
            },
            "bin": [
                "src/tester"
            ],
            "type": "library",
            "extra": {
                "branch-alias": {
                    "dev-master": "2.4-dev"
                }
            },
            "autoload": {
                "classmap": [
                    "src/"
                ]
            },
            "notification-url": "https://packagist.org/downloads/",
            "license": [
                "BSD-3-Clause",
                "GPL-2.0-only",
                "GPL-3.0-only"
            ],
            "authors": [
                {
                    "name": "David Grudl",
                    "homepage": "https://davidgrudl.com"
                },
                {
                    "name": "Nette Community",
                    "homepage": "https://nette.org/contributors"
                }
            ],
            "description": "Nette Tester: enjoyable unit testing in PHP with code coverage reporter. 🍏🍏🍎🍏",
            "homepage": "https://tester.nette.org",
            "keywords": [
                "Xdebug",
                "assertions",
                "clover",
                "code coverage",
                "nette",
                "pcov",
                "phpdbg",
                "phpunit",
                "testing",
                "unit"
            ],
            "support": {
                "issues": "https://github.com/nette/tester/issues",
                "source": "https://github.com/nette/tester/tree/v2.3.4"
            },
            "time": "2020-11-02T17:30:29+00:00"
        },
        {
            "name": "phpstan/phpstan",
            "version": "0.12.56",
            "source": {
                "type": "git",
                "url": "https://github.com/phpstan/phpstan.git",
                "reference": "007fd5d700c41e1bb27795fae15a2383f8fa4ba1"
            },
            "dist": {
                "type": "zip",
                "url": "https://api.github.com/repos/phpstan/phpstan/zipball/007fd5d700c41e1bb27795fae15a2383f8fa4ba1",
                "reference": "007fd5d700c41e1bb27795fae15a2383f8fa4ba1",
                "shasum": ""
            },
            "require": {
                "php": "^7.1|^8.0"
            },
            "conflict": {
                "phpstan/phpstan-shim": "*"
            },
            "bin": [
                "phpstan",
                "phpstan.phar"
            ],
            "type": "library",
            "extra": {
                "branch-alias": {
                    "dev-master": "0.12-dev"
                }
            },
            "autoload": {
                "files": [
                    "bootstrap.php"
                ]
            },
            "notification-url": "https://packagist.org/downloads/",
            "license": [
                "MIT"
            ],
            "description": "PHPStan - PHP Static Analysis Tool",
            "support": {
                "issues": "https://github.com/phpstan/phpstan/issues",
                "source": "https://github.com/phpstan/phpstan/tree/0.12.56"
            },
            "funding": [
                {
                    "url": "https://github.com/ondrejmirtes",
                    "type": "github"
                },
                {
                    "url": "https://www.patreon.com/phpstan",
                    "type": "patreon"
                },
                {
                    "url": "https://tidelift.com/funding/github/packagist/phpstan/phpstan",
                    "type": "tidelift"
                }
            ],
            "time": "2020-11-16T22:59:18+00:00"
        },
        {
            "name": "smuuf/koloader",
            "version": "dev-master",
            "source": {
                "type": "git",
                "url": "https://github.com/smuuf/koloader.git",
                "reference": "0cb5e90edc2a2157a82a1399e86fe532ab2a00b6"
            },
            "dist": {
                "type": "zip",
                "url": "https://api.github.com/repos/smuuf/koloader/zipball/0cb5e90edc2a2157a82a1399e86fe532ab2a00b6",
                "reference": "0cb5e90edc2a2157a82a1399e86fe532ab2a00b6",
                "shasum": ""
            },
            "require": {
                "php": ">=5.5.0"
            },
            "default-branch": true,
            "type": "library",
            "autoload": {
                "files": [
                    "src/loader.php"
                ]
            },
            "notification-url": "https://packagist.org/downloads/",
            "license": [
                "MIT"
            ],
            "authors": [
                {
                    "name": "Premysl Karbula",
                    "email": "premavansmuuf@gmail.com",
                    "homepage": "http://www.premyslkarbula.cz"
                }
            ],
            "description": "A lightweight directory-sniffing autoloader with caching.",
            "support": {
                "issues": "https://github.com/smuuf/koloader/issues",
                "source": "https://github.com/smuuf/koloader/tree/master"
            },
            "time": "2020-11-18T21:43:26+00:00"
        },
        {
            "name": "smuuf/phpcb",
            "version": "dev-master",
            "source": {
                "type": "git",
                "url": "https://github.com/smuuf/phpcb.git",
                "reference": "4f669c789355b86de5d25613b46c9f1327c331a1"
            },
            "dist": {
                "type": "zip",
                "url": "https://api.github.com/repos/smuuf/phpcb/zipball/4f669c789355b86de5d25613b46c9f1327c331a1",
                "reference": "4f669c789355b86de5d25613b46c9f1327c331a1",
                "shasum": ""
            },
            "default-branch": true,
            "type": "library",
            "autoload": {
                "files": [
                    "app/loader.php"
                ]
            },
            "notification-url": "https://packagist.org/downloads/",
            "authors": [
                {
                    "name": "Premysl Karbula",
                    "email": "premavansmuuf@gmail.com"
                }
            ],
            "description": "PHP Code Benchmark",
            "support": {
                "issues": "https://github.com/smuuf/phpcb/issues",
                "source": "https://github.com/smuuf/phpcb/tree/0.4"
            },
            "time": "2020-06-07T12:41:03+00:00"
        }
    ],
    "aliases": [],
    "minimum-stability": "stable",
    "stability-flags": {
        "smuuf/koloader": 20,
        "smuuf/phpcb": 20
    },
    "prefer-stable": false,
    "prefer-lowest": false,
    "platform": {
        "php": ">=7.1"
    },
    "platform-dev": [],
    "plugin-api-version": "2.0.0"
}
