{
    "_readme": [
        "This file locks the dependencies of your project to a known state",
        "Read more about it at https://getcomposer.org/doc/01-basic-usage.md#installing-dependencies",
        "This file is @generated automatically"
    ],
    "content-hash": "defa350bb393c67b61edbc8691dbbf43",
    "packages": [
        {
            "name": "smuuf/php-peg",
            "version": "2.2",
            "source": {
                "type": "git",
                "url": "https://github.com/smuuf/php-peg.git",
                "reference": "134e20af61b3dd5afef4eb61c193413926477960"
            },
            "dist": {
                "type": "zip",
                "url": "https://api.github.com/repos/smuuf/php-peg/zipball/134e20af61b3dd5afef4eb61c193413926477960",
                "reference": "134e20af61b3dd5afef4eb61c193413926477960",
                "shasum": ""
            },
            "require": {
                "php": ">=7.0"
            },
            "require-dev": {
                "phpunit/phpunit": "^6.5"
            },
            "bin": [
                "bin/peg"
            ],
            "type": "library",
            "autoload": {
                "psr-0": {
                    "hafriedlander\\Peg": "lib"
                }
            },
            "notification-url": "https://packagist.org/downloads/",
            "license": [
                "MIT"
            ],
            "authors": [
                {
                    "name": "Hamish Friedlander",
                    "email": "hamish@silverstripe.com",
                    "role": "Developer"
                },
                {
                    "name": "Premysl Karbula",
                    "role": "Developer"
                },
                {
                    "name": "Johannes Künsebeck",
                    "email": "kuensebeck@googlemail.com",
                    "role": "Developer"
                },
                {
                    "name": "Dan Phillimore",
                    "email": "dan@ovms.co",
                    "role": "Developer"
                }
            ],
            "description": "PEG parser generator for PHP.",
            "homepage": "https://github.com/smuuf/php-peg",
            "keywords": [
                "DSL",
                "compiler",
                "parser",
                "peg"
            ],
            "time": "2020-03-27T21:40:40+00:00"
        }
    ],
    "packages-dev": [
        {
            "name": "nette/tester",
            "version": "v2.3.2",
            "source": {
                "type": "git",
                "url": "https://github.com/nette/tester.git",
                "reference": "793aa4bb87872319902a569ed84a64844fdc1549"
            },
            "dist": {
                "type": "zip",
                "url": "https://api.github.com/repos/nette/tester/zipball/793aa4bb87872319902a569ed84a64844fdc1549",
                "reference": "793aa4bb87872319902a569ed84a64844fdc1549",
                "shasum": ""
            },
            "require": {
                "php": ">=7.1"
            },
            "require-dev": {
                "ext-simplexml": "*",
                "phpstan/phpstan": "^0.12"
            },
            "bin": [
                "src/tester"
            ],
            "type": "library",
            "extra": {
                "branch-alias": {
                    "dev-master": "2.4-dev"
                }
            },
            "autoload": {
                "classmap": [
                    "src/"
                ]
            },
            "notification-url": "https://packagist.org/downloads/",
            "license": [
                "BSD-3-Clause",
                "GPL-2.0-only",
                "GPL-3.0-only"
            ],
            "authors": [
                {
                    "name": "David Grudl",
                    "homepage": "https://davidgrudl.com"
                },
                {
                    "name": "Nette Community",
                    "homepage": "https://nette.org/contributors"
                }
            ],
            "description": "Nette Tester: enjoyable unit testing in PHP with code coverage reporter. 🍏🍏🍎🍏",
            "homepage": "https://tester.nette.org",
            "keywords": [
                "Xdebug",
                "assertions",
                "clover",
                "code coverage",
                "nette",
                "pcov",
                "phpdbg",
                "phpunit",
                "testing",
                "unit"
            ],
            "time": "2020-03-06T15:55:57+00:00"
        },
        {
            "name": "phpstan/phpstan",
            "version": "0.12.18",
            "source": {
                "type": "git",
                "url": "https://github.com/phpstan/phpstan.git",
                "reference": "1ce27fe29c8660a27926127d350d53d80c4d4286"
            },
            "dist": {
                "type": "zip",
                "url": "https://api.github.com/repos/phpstan/phpstan/zipball/1ce27fe29c8660a27926127d350d53d80c4d4286",
                "reference": "1ce27fe29c8660a27926127d350d53d80c4d4286",
                "shasum": ""
            },
            "require": {
                "php": "^7.1"
            },
            "bin": [
                "phpstan",
                "phpstan.phar"
            ],
            "type": "library",
            "extra": {
                "branch-alias": {
                    "dev-master": "0.12-dev"
                }
            },
            "autoload": {
                "files": [
                    "bootstrap.php"
                ]
            },
            "notification-url": "https://packagist.org/downloads/",
            "license": [
                "MIT"
            ],
            "description": "PHPStan - PHP Static Analysis Tool",
            "time": "2020-03-22T16:51:47+00:00"
        },
        {
            "name": "smuuf/koloader",
            "version": "dev-master",
            "source": {
                "type": "git",
                "url": "https://github.com/smuuf/koloader.git",
                "reference": "5ecb46f65d751b00d18b7ca10f4be772349ece90"
            },
            "dist": {
                "type": "zip",
                "url": "https://api.github.com/repos/smuuf/koloader/zipball/5ecb46f65d751b00d18b7ca10f4be772349ece90",
                "reference": "5ecb46f65d751b00d18b7ca10f4be772349ece90",
                "shasum": ""
            },
            "require": {
                "php": ">=5.5.0"
            },
            "type": "library",
            "autoload": {
                "files": [
                    "src/loader.php"
                ]
            },
            "notification-url": "https://packagist.org/downloads/",
            "license": [
                "MIT"
            ],
            "authors": [
                {
                    "name": "Premysl Karbula",
                    "email": "premavansmuuf@gmail.com",
                    "homepage": "http://www.premyslkarbula.cz"
                }
            ],
            "description": "A lightweight directory-sniffing autoloader with caching.",
            "time": "2020-03-14T23:36:45+00:00"
        },
        {
            "name": "smuuf/phpcb",
            "version": "dev-master",
            "source": {
                "type": "git",
                "url": "https://github.com/smuuf/phpcb.git",
                "reference": "e32f599c868ba50d5434d33379820a40b739c039"
            },
            "dist": {
                "type": "zip",
                "url": "https://api.github.com/repos/smuuf/phpcb/zipball/e32f599c868ba50d5434d33379820a40b739c039",
                "reference": "e32f599c868ba50d5434d33379820a40b739c039",
                "shasum": ""
            },
            "type": "library",
            "autoload": {
                "files": [
                    "app/loader.php"
                ]
            },
            "notification-url": "https://packagist.org/downloads/",
            "description": "PHP Code Benchmark",
            "time": "2017-10-05T22:41:27+00:00"
        }
    ],
    "aliases": [],
    "minimum-stability": "stable",
    "stability-flags": {
        "smuuf/koloader": 20,
        "smuuf/phpcb": 20
    },
    "prefer-stable": false,
    "prefer-lowest": false,
    "platform": {
        "php": ">=7.1"
    },
    "platform-dev": []
}
