{
    "_readme": [
        "This file locks the dependencies of your project to a known state",
        "Read more about it at https://getcomposer.org/doc/01-basic-usage.md#installing-dependencies",
        "This file is @generated automatically"
    ],
    "content-hash": "2d85ace6c33c5e1598cc7ceb81b3ad6f",
    "packages": [
        {
            "name": "smuuf/php-peg",
            "version": "2.1",
            "source": {
                "type": "git",
                "url": "https://github.com/smuuf/php-peg.git",
                "reference": "a50922612302a9366a62f7541649e85dee504af3"
            },
            "dist": {
                "type": "zip",
                "url": "https://api.github.com/repos/smuuf/php-peg/zipball/a50922612302a9366a62f7541649e85dee504af3",
                "reference": "a50922612302a9366a62f7541649e85dee504af3",
                "shasum": ""
            },
            "require": {
                "php": ">=7.0"
            },
            "require-dev": {
                "phpunit/phpunit": "^6.5"
            },
            "bin": [
                "bin/peg"
            ],
            "type": "library",
            "autoload": {
                "psr-0": {
                    "hafriedlander\\Peg": "lib"
                }
            },
            "notification-url": "https://packagist.org/downloads/",
            "license": [
                "MIT"
            ],
            "authors": [
                {
                    "name": "Hamish Friedlander",
                    "email": "hamish@silverstripe.com",
                    "role": "Developer"
                },
                {
                    "name": "Johannes Künsebeck",
                    "email": "kuensebeck@googlemail.com",
                    "role": "Developer"
                },
                {
                    "name": "Dan Phillimore",
                    "email": "dan@ovms.co",
                    "role": "Developer"
                },
                {
                    "name": "Premysl Karbula",
                    "role": "Developer"
                }
            ],
            "description": "PEG parser generator for PHP.",
            "homepage": "https://github.com/smuuf/php-peg",
            "keywords": [
                "DSL",
                "compiler",
                "parser",
                "peg"
            ],
            "time": "2018-03-08T00:01:30+00:00"
        }
    ],
    "packages-dev": [
        {
            "name": "nette/tester",
            "version": "v2.3.1",
            "source": {
                "type": "git",
                "url": "https://github.com/nette/tester.git",
                "reference": "c3bd1b2c1074dfb957288b716c06aa7b4b5295a8"
            },
            "dist": {
                "type": "zip",
                "url": "https://api.github.com/repos/nette/tester/zipball/c3bd1b2c1074dfb957288b716c06aa7b4b5295a8",
                "reference": "c3bd1b2c1074dfb957288b716c06aa7b4b5295a8",
                "shasum": ""
            },
            "require": {
                "php": ">=7.1"
            },
            "bin": [
                "src/tester"
            ],
            "type": "library",
            "extra": {
                "branch-alias": {
                    "dev-master": "2.4-dev"
                }
            },
            "autoload": {
                "classmap": [
                    "src/"
                ]
            },
            "notification-url": "https://packagist.org/downloads/",
            "license": [
                "BSD-3-Clause",
                "GPL-2.0",
                "GPL-3.0"
            ],
            "authors": [
                {
                    "name": "David Grudl",
                    "homepage": "https://davidgrudl.com"
                },
                {
                    "name": "Nette Community",
                    "homepage": "https://nette.org/contributors"
                }
            ],
            "description": "Nette Tester: enjoyable unit testing in PHP with code coverage reporter. 🍏🍏🍎🍏",
            "homepage": "https://tester.nette.org",
            "keywords": [
                "Xdebug",
                "assertions",
                "clover",
                "code coverage",
                "nette",
                "pcov",
                "phpdbg",
                "phpunit",
                "testing",
                "unit"
            ],
            "time": "2019-11-19T13:19:16+00:00"
        },
        {
            "name": "phpstan/phpstan",
            "version": "0.12.7",
            "source": {
                "type": "git",
                "url": "https://github.com/phpstan/phpstan.git",
                "reference": "07fa7958027fd98c567099bbcda5d6a0f2ec5197"
            },
            "dist": {
                "type": "zip",
                "url": "https://api.github.com/repos/phpstan/phpstan/zipball/07fa7958027fd98c567099bbcda5d6a0f2ec5197",
                "reference": "07fa7958027fd98c567099bbcda5d6a0f2ec5197",
                "shasum": ""
            },
            "require": {
                "php": "^7.1"
            },
            "bin": [
                "phpstan",
                "phpstan.phar"
            ],
            "type": "library",
            "extra": {
                "branch-alias": {
                    "dev-master": "0.12-dev"
                }
            },
            "autoload": {
                "files": [
                    "bootstrap.php"
                ]
            },
            "notification-url": "https://packagist.org/downloads/",
            "license": [
                "MIT"
            ],
            "description": "PHPStan - PHP Static Analysis Tool",
            "time": "2020-01-20T21:59:06+00:00"
        },
        {
            "name": "smuuf/koloader",
            "version": "dev-master",
            "source": {
                "type": "git",
                "url": "https://github.com/smuuf/koloader.git",
                "reference": "5583069cf678807aa32a045bf0fd95b6136cf62c"
            },
            "dist": {
                "type": "zip",
                "url": "https://api.github.com/repos/smuuf/koloader/zipball/5583069cf678807aa32a045bf0fd95b6136cf62c",
                "reference": "5583069cf678807aa32a045bf0fd95b6136cf62c",
                "shasum": ""
            },
            "require": {
                "php": ">=5.5.0"
            },
            "type": "library",
            "autoload": {
                "files": [
                    "src/loader.php"
                ]
            },
            "notification-url": "https://packagist.org/downloads/",
            "license": [
                "MIT"
            ],
            "authors": [
                {
                    "name": "Premysl Karbula",
                    "email": "premavansmuuf@gmail.com",
                    "homepage": "http://www.premyslkarbula.cz"
                }
            ],
            "description": "A lightweight directory-sniffing autoloader with caching.",
            "time": "2016-01-28T05:22:45+00:00"
        },
        {
            "name": "smuuf/phpcb",
            "version": "dev-master",
            "source": {
                "type": "git",
                "url": "https://github.com/smuuf/phpcb.git",
                "reference": "e32f599c868ba50d5434d33379820a40b739c039"
            },
            "dist": {
                "type": "zip",
                "url": "https://api.github.com/repos/smuuf/phpcb/zipball/e32f599c868ba50d5434d33379820a40b739c039",
                "reference": "e32f599c868ba50d5434d33379820a40b739c039",
                "shasum": ""
            },
            "type": "library",
            "autoload": {
                "files": [
                    "app/loader.php"
                ]
            },
            "notification-url": "https://packagist.org/downloads/",
            "authors": [
                {
                    "name": "Premysl Karbula",
                    "email": "premavansmuuf@gmail.com"
                }
            ],
            "description": "PHP Code Benchmark",
            "time": "2017-10-05T22:41:27+00:00"
        }
    ],
    "aliases": [],
    "minimum-stability": "stable",
    "stability-flags": {
        "smuuf/koloader": 20,
        "smuuf/phpcb": 20
    },
    "prefer-stable": false,
    "prefer-lowest": false,
    "platform": {
        "php": ">=7.1"
    },
    "platform-dev": []
}
